
Microsoft Visual Studio Solution File, Format Version 12.00
# Visual Studio Version 17
VisualStudioVersion = 17.12.35707.178
MinimumVisualStudioVersion = 10.0.40219.1
Project("{FAE04EC0-301F-11D3-BF4B-00C04F79EFBC}") = "OneToManyFlows.Api", "OneToManyFlows.Api\OneToManyFlows.Api.csproj", "{DAEA616E-04D2-47D3-A2AD-0C86BCFB4952}"
EndProject
Project("{2150E333-8FDC-42A3-9474-1A3956D46DE8}") = "Solution Items", "Solution Items", "{7AEA72E7-936D-4216-A00E-83FD5A680BDF}"
	ProjectSection(SolutionItems) = preProject
		.editorconfig = .editorconfig
		.gitignore = .gitignore
		README.md = README.md
	EndProjectSection
EndProject
Project("{FAE04EC0-301F-11D3-BF4B-00C04F79EFBC}") = "OneToManyFlows.Api.Tests", "OneToManyFlows.Api.Tests\OneToManyFlows.Api.Tests.csproj", "{798457D2-C372-4237-915E-5A005C0D8839}"
EndProject
Project("{FAE04EC0-301F-11D3-BF4B-00C04F79EFBC}") = "OneToManyFlows.AuthorizationApi", "OneToManyFlows.AuthorizationApi\OneToManyFlows.AuthorizationApi.csproj", "{0EA16952-9BF5-427A-925F-A7DDBE9FA421}"
EndProject
Global
	GlobalSection(SolutionConfigurationPlatforms) = preSolution
		Debug|Any CPU = Debug|Any CPU
		Release|Any CPU = Release|Any CPU
	EndGlobalSection
	GlobalSection(ProjectConfigurationPlatforms) = postSolution
		{DAEA616E-04D2-47D3-A2AD-0C86BCFB4952}.Debug|Any CPU.ActiveCfg = Debug|Any CPU
		{DAEA616E-04D2-47D3-A2AD-0C86BCFB4952}.Debug|Any CPU.Build.0 = Debug|Any CPU
		{DAEA616E-04D2-47D3-A2AD-0C86BCFB4952}.Release|Any CPU.ActiveCfg = Release|Any CPU
		{DAEA616E-04D2-47D3-A2AD-0C86BCFB4952}.Release|Any CPU.Build.0 = Release|Any CPU
		{798457D2-C372-4237-915E-5A005C0D8839}.Debug|Any CPU.ActiveCfg = Debug|Any CPU
		{798457D2-C372-4237-915E-5A005C0D8839}.Debug|Any CPU.Build.0 = Debug|Any CPU
		{798457D2-C372-4237-915E-5A005C0D8839}.Release|Any CPU.ActiveCfg = Release|Any CPU
		{798457D2-C372-4237-915E-5A005C0D8839}.Release|Any CPU.Build.0 = Release|Any CPU
		{0EA16952-9BF5-427A-925F-A7DDBE9FA421}.Debug|Any CPU.ActiveCfg = Debug|Any CPU
		{0EA16952-9BF5-427A-925F-A7DDBE9FA421}.Debug|Any CPU.Build.0 = Debug|Any CPU
		{0EA16952-9BF5-427A-925F-A7DDBE9FA421}.Release|Any CPU.ActiveCfg = Release|Any CPU
		{0EA16952-9BF5-427A-925F-A7DDBE9FA421}.Release|Any CPU.Build.0 = Release|Any CPU
	EndGlobalSection
	GlobalSection(SolutionProperties) = preSolution
		HideSolutionNode = FALSE
	EndGlobalSection
	GlobalSection(ExtensibilityGlobals) = postSolution
		SolutionGuid = {49302CBC-A988-4B03-B285-AEEC8E375268}
	EndGlobalSection
EndGlobal
